
Microsoft Visual Studio Solution File, Format Version 12.00
# Visual Studio Version 17
VisualStudioVersion = 17.5.002.0
MinimumVisualStudioVersion = 10.0.40219.1
Project("{9A19103F-16F7-4668-BE54-9A1E7A4F7556}") = "operaciones", "Operaciones\operaciones.csproj", "{3F4816EC-6BCD-456A-A2CD-DEFFE4305BCE}"
EndProject
Global
	GlobalSection(SolutionConfigurationPlatforms) = preSolution
		Debug|Any CPU = Debug|Any CPU
		Release|Any CPU = Release|Any CPU
	EndGlobalSection
	GlobalSection(ProjectConfigurationPlatforms) = postSolution
		{3F4816EC-6BCD-456A-A2CD-DEFFE4305BCE}.Debug|Any CPU.ActiveCfg = Debug|Any CPU
		{3F4816EC-6BCD-456A-A2CD-DEFFE4305BCE}.Debug|Any CPU.Build.0 = Debug|Any CPU
		{3F4816EC-6BCD-456A-A2CD-DEFFE4305BCE}.Release|Any CPU.ActiveCfg = Release|Any CPU
		{3F4816EC-6BCD-456A-A2CD-DEFFE4305BCE}.Release|Any CPU.Build.0 = Release|Any CPU
	EndGlobalSection
	GlobalSection(SolutionProperties) = preSolution
		HideSolutionNode = FALSE
	EndGlobalSection
	GlobalSection(ExtensibilityGlobals) = postSolution
		SolutionGuid = {784C98C5-F92C-4ACD-98C6-B310349A2211}
	EndGlobalSection
EndGlobal
